Microsoft Visual Studio Solution File, Format Version 12.00
# Visual Studio 15
VisualStudioVersion = 15.0.26124.0
MinimumVisualStudioVersion = 15.0.26124.0
Project("{9A19103F-16F7-4668-BE54-9A1E7A4F7556}") = "Zooqle.Net", "Zooqle.Net\Zooqle.Net.csproj", "{6011AB70-3D71-4135-BD83-626AA8CD90E4}"
EndProject
Project("{9A19103F-16F7-4668-BE54-9A1E7A4F7556}") = "Zooqle.Net.Tests", "Zooqle.Net.Tests\Zooqle.Net.Tests.csproj", "{A9C929E3-4094-457A-B919-F64886ABACEA}"
EndProject
Global
	GlobalSection(SolutionConfigurationPlatforms) = preSolution
		Debug|Any CPU = Debug|Any CPU
		Release|Any CPU = Release|Any CPU
	EndGlobalSection
	GlobalSection(ProjectConfigurationPlatforms) = postSolution
		{6011AB70-3D71-4135-BD83-626AA8CD90E4}.Debug|Any CPU.ActiveCfg = Debug|Any CPU
		{6011AB70-3D71-4135-BD83-626AA8CD90E4}.Debug|Any CPU.Build.0 = Debug|Any CPU
		{6011AB70-3D71-4135-BD83-626AA8CD90E4}.Release|Any CPU.ActiveCfg = Release|Any CPU
		{6011AB70-3D71-4135-BD83-626AA8CD90E4}.Release|Any CPU.Build.0 = Release|Any CPU
		{A9C929E3-4094-457A-B919-F64886ABACEA}.Debug|Any CPU.ActiveCfg = Debug|Any CPU
		{A9C929E3-4094-457A-B919-F64886ABACEA}.Debug|Any CPU.Build.0 = Debug|Any CPU
		{A9C929E3-4094-457A-B919-F64886ABACEA}.Release|Any CPU.ActiveCfg = Release|Any CPU
		{A9C929E3-4094-457A-B919-F64886ABACEA}.Release|Any CPU.Build.0 = Release|Any CPU
	EndGlobalSection
	GlobalSection(ExtensibilityGlobals) = postSolution
		SolutionGuid = {B3F04AAA-83B4-4161-980B-C9F4840F4C55}
	EndGlobalSection
EndGlobal
